
Microsoft Visual Studio Solution File, Format Version 12.00
Project("{FAE04EC0-301F-11D3-BF4B-00C04F79EFBC}") = "TestCk", "TestCk\TestCk.csproj", "{AE343C2C-FDAA-4017-B1B9-14A0ECBB549A}"
EndProject
Global
	GlobalSection(SolutionConfigurationPlatforms) = preSolution
		Debug|Any CPU = Debug|Any CPU
		Release|Any CPU = Release|Any CPU
	EndGlobalSection
	GlobalSection(ProjectConfigurationPlatforms) = postSolution
		{AE343C2C-FDAA-4017-B1B9-14A0ECBB549A}.Debug|Any CPU.ActiveCfg = Debug|Any CPU
		{AE343C2C-FDAA-4017-B1B9-14A0ECBB549A}.Debug|Any CPU.Build.0 = Debug|Any CPU
		{AE343C2C-FDAA-4017-B1B9-14A0ECBB549A}.Release|Any CPU.ActiveCfg = Release|Any CPU
		{AE343C2C-FDAA-4017-B1B9-14A0ECBB549A}.Release|Any CPU.Build.0 = Release|Any CPU
	EndGlobalSection
EndGlobal
